# This file was autogenerated by Stack.
# You should not edit this file by hand.
# For more information, please see the documentation at:
#   https://docs.haskellstack.org/en/stable/topics/lock_files

packages:
- completed:
    hackage: kind-generics-th-0.2.3.3@sha256:fc5f3aee46725e048a0159d73612a5d86c30017cd24ebab764347b65cffbd1d4,1519
    pantry-tree:
      sha256: 5dd528fca535a2b51cd45883520bc2fd86aca078436132bee42fa21218a21a2a
      size: 328
  original:
    hackage: kind-generics-th-0.2.3.3@sha256:fc5f3aee46725e048a0159d73612a5d86c30017cd24ebab764347b65cffbd1d4,1519
snapshots:
- completed:
    sha256: 8019043e77627781c51a1d400b9765a215cf3a4a7ff56d66dfec8818fb1b380b
    size: 688431
    url: https://raw.githubusercontent.com/commercialhaskell/stackage-snapshots/master/nightly/2025/8/17.yaml
  original: nightly-2025-08-17
